// !$*UTF8*$!
{
	archiveVersion = 1;
	classes = {
	};
	objectVersion = 77;
	objects = {

/* Begin PBXBuildFile section */
		DA45CF282E6BDB9F00873030 /* UIPilot in Frameworks */ = {isa = PBXBuildFile; productRef = DA45CF272E6BDB9F00873030 /* UIPilot */; };
		DA45CF2B2E6BDBEF00873030 /* Kingfisher in Frameworks */ = {isa = PBXBuildFile; productRef = DA45CF2A2E6BDBEF00873030 /* Kingfisher */; };
/* End PBXBuildFile section */

/* Begin PBXContainerItemProxy section */
		DA45CF0A2E6BDB4D00873030 /* PBXContainerItemProxy */ = {
			isa = PBXContainerItemProxy;
			containerPortal = DA45CEF32E6BDB4C00873030 /* Project object */;
			proxyType = 1;
			remoteGlobalIDString = DA45CEFA2E6BDB4C00873030;
			remoteInfo = PhotosGallery;
		};
		DA45CF142E6BDB4D00873030 /* PBXContainerItemProxy */ = {
			isa = PBXContainerItemProxy;
			containerPortal = DA45CEF32E6BDB4C00873030 /* Project object */;
			proxyType = 1;
			remoteGlobalIDString = DA45CEFA2E6BDB4C00873030;
			remoteInfo = PhotosGallery;
		};
/* End PBXContainerItemProxy section */

/* Begin PBXFileReference section */
		DA45CEFB2E6BDB4C00873030 /* PhotosGallery.app */ = {isa = PBXFileReference; explicitFileType = wrapper.application; includeInIndex = 0; path = PhotosGallery.app; sourceTree = BUILT_PRODUCTS_DIR; };
		DA45CF092E6BDB4D00873030 /* PhotosGalleryTests.xctest */ = {isa = PBXFileReference; explicitFileType = wrapper.cfbundle; includeInIndex = 0; path = PhotosGalleryTests.xctest; sourceTree = BUILT_PRODUCTS_DIR; };
		DA45CF132E6BDB4D00873030 /* PhotosGalleryUITests.xctest */ = {isa = PBXFileReference; explicitFileType = wrapper.cfbundle; includeInIndex = 0; path = PhotosGalleryUITests.xctest; sourceTree = BUILT_PRODUCTS_DIR; };
/* End PBXFileReference section */

/* Begin PBXFileSystemSynchronizedRootGroup section */
		DA45CEFD2E6BDB4C00873030 /* PhotosGallery */ = {
			isa = PBXFileSystemSynchronizedRootGroup;
			path = PhotosGallery;
			sourceTree = "<group>";
		};
		DA45CF0C2E6BDB4D00873030 /* PhotosGalleryTests */ = {
			isa = PBXFileSystemSynchronizedRootGroup;
			path = PhotosGalleryTests;
			sourceTree = "<group>";
		};
		DA45CF162E6BDB4D00873030 /* PhotosGalleryUITests */ = {
			isa = PBXFileSystemSynchronizedRootGroup;
			path = PhotosGalleryUITests;
			sourceTree = "<group>";
		};
/* End PBXFileSystemSynchronizedRootGroup section */

/* Begin PBXFrameworksBuildPhase section */
		DA45CEF82E6BDB4C00873030 /* Frameworks */ = {
			isa = PBXFrameworksBuildPhase;
			buildActionMask = 2147483647;
			files = (
				DA45CF2B2E6BDBEF00873030 /* Kingfisher in Frameworks */,
				DA45CF282E6BDB9F00873030 /* UIPilot in Frameworks */,
			);
			runOnlyForDeploymentPostprocessing = 0;
		};
		DA45CF062E6BDB4D00873030 /* Frameworks */ = {
			isa = PBXFrameworksBuildPhase;
			buildActionMask = 2147483647;
			files = (
			);
			runOnlyForDeploymentPostprocessing = 0;
		};
		DA45CF102E6BDB4D00873030 /* Frameworks */ = {
			isa = PBXFrameworksBuildPhase;
			buildActionMask = 2147483647;
			files = (
			);
			runOnlyForDeploymentPostprocessing = 0;
		};
/* End PBXFrameworksBuildPhase section */

/* Begin PBXGroup section */
		DA45CEF22E6BDB4C00873030 = {
			isa = PBXGroup;
			children = (
				DA45CEFD2E6BDB4C00873030 /* PhotosGallery */,
				DA45CF0C2E6BDB4D00873030 /* PhotosGalleryTests */,
				DA45CF162E6BDB4D00873030 /* PhotosGalleryUITests */,
				DA45CEFC2E6BDB4C00873030 /* Products */,
			);
			sourceTree = "<group>";
		};
		DA45CEFC2E6BDB4C00873030 /* Products */ = {
			isa = PBXGroup;
			children = (
				DA45CEFB2E6BDB4C00873030 /* PhotosGallery.app */,
				DA45CF092E6BDB4D00873030 /* PhotosGalleryTests.xctest */,
				DA45CF132E6BDB4D00873030 /* PhotosGalleryUITests.xctest */,
			);
			name = Products;
			sourceTree = "<group>";
		};
/* End PBXGroup section */

/* Begin PBXNativeTarget section */
		DA45CEFA2E6BDB4C00873030 /* PhotosGallery */ = {
			isa = PBXNativeTarget;
			buildConfigurationList = DA45CF1D2E6BDB4D00873030 /* Build configuration list for PBXNativeTarget "PhotosGallery" */;
			buildPhases = (
				DA45CEF72E6BDB4C00873030 /* Sources */,
				DA45CEF82E6BDB4C00873030 /* Frameworks */,
				DA45CEF92E6BDB4C00873030 /* Resources */,
			);
			buildRules = (
			);
			dependencies = (
			);
			fileSystemSynchronizedGroups = (
				DA45CEFD2E6BDB4C00873030 /* PhotosGallery */,
			);
			name = PhotosGallery;
			packageProductDependencies = (
				DA45CF272E6BDB9F00873030 /* UIPilot */,
				DA45CF2A2E6BDBEF00873030 /* Kingfisher */,
			);
			productName = PhotosGallery;
			productReference = DA45CEFB2E6BDB4C00873030 /* PhotosGallery.app */;
			productType = "com.apple.product-type.application";
		};
		DA45CF082E6BDB4D00873030 /* PhotosGalleryTests */ = {
			isa = PBXNativeTarget;
			buildConfigurationList = DA45CF202E6BDB4D00873030 /* Build configuration list for PBXNativeTarget "PhotosGalleryTests" */;
			buildPhases = (
				DA45CF052E6BDB4D00873030 /* Sources */,
				DA45CF062E6BDB4D00873030 /* Frameworks */,
				DA45CF072E6BDB4D00873030 /* Resources */,
			);
			buildRules = (
			);
			dependencies = (
				DA45CF0B2E6BDB4D00873030 /* PBXTargetDependency */,
			);
			fileSystemSynchronizedGroups = (
				DA45CF0C2E6BDB4D00873030 /* PhotosGalleryTests */,
			);
			name = PhotosGalleryTests;
			packageProductDependencies = (
			);
			productName = PhotosGalleryTests;
			productReference = DA45CF092E6BDB4D00873030 /* PhotosGalleryTests.xctest */;
			productType = "com.apple.product-type.bundle.unit-test";
		};
		DA45CF122E6BDB4D00873030 /* PhotosGalleryUITests */ = {
			isa = PBXNativeTarget;
			buildConfigurationList = DA45CF232E6BDB4D00873030 /* Build configuration list for PBXNativeTarget "PhotosGalleryUITests" */;
			buildPhases = (
				DA45CF0F2E6BDB4D00873030 /* Sources */,
				DA45CF102E6BDB4D00873030 /* Frameworks */,
				DA45CF112E6BDB4D00873030 /* Resources */,
			);
			buildRules = (
			);
			dependencies = (
				DA45CF152E6BDB4D00873030 /* PBXTargetDependency */,
			);
			fileSystemSynchronizedGroups = (
				DA45CF162E6BDB4D00873030 /* PhotosGalleryUITests */,
			);
			name = PhotosGalleryUITests;
			packageProductDependencies = (
			);
			productName = PhotosGalleryUITests;
			productReference = DA45CF132E6BDB4D00873030 /* PhotosGalleryUITests.xctest */;
			productType = "com.apple.product-type.bundle.ui-testing";
		};
/* End PBXNativeTarget section */

/* Begin PBXProject section */
		DA45CEF32E6BDB4C00873030 /* Project object */ = {
			isa = PBXProject;
			attributes = {
				BuildIndependentTargetsInParallel = 1;
				LastSwiftUpdateCheck = 1640;
				LastUpgradeCheck = 1640;
				TargetAttributes = {
					DA45CEFA2E6BDB4C00873030 = {
						CreatedOnToolsVersion = 16.4;
					};
					DA45CF082E6BDB4D00873030 = {
						CreatedOnToolsVersion = 16.4;
						TestTargetID = DA45CEFA2E6BDB4C00873030;
					};
					DA45CF122E6BDB4D00873030 = {
						CreatedOnToolsVersion = 16.4;
						TestTargetID = DA45CEFA2E6BDB4C00873030;
					};
				};
			};
			buildConfigurationList = DA45CEF62E6BDB4C00873030 /* Build configuration list for PBXProject "PhotosGallery" */;
			developmentRegion = en;
			hasScannedForEncodings = 0;
			knownRegions = (
				en,
				Base,
			);
			mainGroup = DA45CEF22E6BDB4C00873030;
			minimizedProjectReferenceProxies = 1;
			packageReferences = (
				DA45CF262E6BDB9F00873030 /* XCRemoteSwiftPackageReference "UIPilot" */,
				DA45CF292E6BDBEF00873030 /* XCRemoteSwiftPackageReference "Kingfisher" */,
			);
			preferredProjectObjectVersion = 77;
			productRefGroup = DA45CEFC2E6BDB4C00873030 /* Products */;
			projectDirPath = "";
			projectRoot = "";
			targets = (
				DA45CEFA2E6BDB4C00873030 /* PhotosGallery */,
				DA45CF082E6BDB4D00873030 /* PhotosGalleryTests */,
				DA45CF122E6BDB4D00873030 /* PhotosGalleryUITests */,
			);
		};
/* End PBXProject section */

/* Begin PBXResourcesBuildPhase section */
		DA45CEF92E6BDB4C00873030 /* Resources */ = {
			isa = PBXResourcesBuildPhase;
			buildActionMask = 2147483647;
			files = (
			);
			runOnlyForDeploymentPostprocessing = 0;
		};
		DA45CF072E6BDB4D00873030 /* Resources */ = {
			isa = PBXResourcesBuildPhase;
			buildActionMask = 2147483647;
			files = (
			);
			runOnlyForDeploymentPostprocessing = 0;
		};
		DA45CF112E6BDB4D00873030 /* Resources */ = {
			isa = PBXResourcesBuildPhase;
			buildActionMask = 2147483647;
			files = (
			);
			runOnlyForDeploymentPostprocessing = 0;
		};
/* End PBXResourcesBuildPhase section */

/* Begin PBXSourcesBuildPhase section */
		DA45CEF72E6BDB4C00873030 /* Sources */ = {
			isa = PBXSourcesBuildPhase;
			buildActionMask = 2147483647;
			files = (
			);
			runOnlyForDeploymentPostprocessing = 0;
		};
		DA45CF052E6BDB4D00873030 /* Sources */ = {
			isa = PBXSourcesBuildPhase;
			buildActionMask = 2147483647;
			files = (
			);
			runOnlyForDeploymentPostprocessing = 0;
		};
		DA45CF0F2E6BDB4D00873030 /* Sources */ = {
			isa = PBXSourcesBuildPhase;
			buildActionMask = 2147483647;
			files = (
			);
			runOnlyForDeploymentPostprocessing = 0;
		};
/* End PBXSourcesBuildPhase section */

/* Begin PBXTargetDependency section */
		DA45CF0B2E6BDB4D00873030 /* PBXTargetDependency */ = {
			isa = PBXTargetDependency;
			target = DA45CEFA2E6BDB4C00873030 /* PhotosGallery */;
			targetProxy = DA45CF0A2E6BDB4D00873030 /* PBXContainerItemProxy */;
		};
		DA45CF152E6BDB4D00873030 /* PBXTargetDependency */ = {
			isa = PBXTargetDependency;
			target = DA45CEFA2E6BDB4C00873030 /* PhotosGallery */;
			targetProxy = DA45CF142E6BDB4D00873030 /* PBXContainerItemProxy */;
		};
/* End PBXTargetDependency section */

/* Begin XCBuildConfiguration section */
		DA45CF1B2E6BDB4D00873030 /* Debug */ = {
			isa = XCBuildConfiguration;
			buildSettings = {
				ALWAYS_SEARCH_USER_PATHS = NO;
				ASSETCATALOG_COMPILER_GENERATE_SWIFT_ASSET_SYMBOL_EXTENSIONS = YES;
				CLANG_ANALYZER_NONNULL = YES;
				CLANG_ANALYZER_NUMBER_OBJECT_CONVERSION = YES_AGGRESSIVE;
				CLANG_CXX_LANGUAGE_STANDARD = "gnu++20";
				CLANG_ENABLE_MODULES = YES;
				CLANG_ENABLE_OBJC_ARC = YES;
				CLANG_ENABLE_OBJC_WEAK = YES;
				CLANG_WARN_BLOCK_CAPTURE_AUTORELEASING = YES;
				CLANG_WARN_BOOL_CONVERSION = YES;
				CLANG_WARN_COMMA = YES;
				CLANG_WARN_CONSTANT_CONVERSION = YES;
				CLANG_WARN_DEPRECATED_OBJC_IMPLEMENTATIONS = YES;
				CLANG_WARN_DIRECT_OBJC_ISA_USAGE = YES_ERROR;
				CLANG_WARN_DOCUMENTATION_COMMENTS = YES;
				CLANG_WARN_EMPTY_BODY = YES;
				CLANG_WARN_ENUM_CONVERSION = YES;
				CLANG_WARN_INFINITE_RECURSION = YES;
				CLANG_WARN_INT_CONVERSION = YES;
				CLANG_WARN_NON_LITERAL_NULL_CONVERSION = YES;
				CLANG_WARN_OBJC_IMPLICIT_RETAIN_SELF = YES;
				CLANG_WARN_OBJC_LITERAL_CONVERSION = YES;
				CLANG_WARN_OBJC_ROOT_CLASS = YES_ERROR;
				CLANG_WARN_QUOTED_INCLUDE_IN_FRAMEWORK_HEADER = YES;
				CLANG_WARN_RANGE_LOOP_ANALYSIS = YES;
				CLANG_WARN_STRICT_PROTOTYPES = YES;
				CLANG_WARN_SUSPICIOUS_MOVE = YES;
				CLANG_WARN_UNGUARDED_AVAILABILITY = YES_AGGRESSIVE;
				CLANG_WARN_UNREACHABLE_CODE = YES;
				CLANG_WARN__DUPLICATE_METHOD_MATCH = YES;
				COPY_PHASE_STRIP = NO;
				DEBUG_INFORMATION_FORMAT = dwarf;
				ENABLE_STRICT_OBJC_MSGSEND = YES;
				ENABLE_TESTABILITY = YES;
				ENABLE_USER_SCRIPT_SANDBOXING = YES;
				GCC_C_LANGUAGE_STANDARD = gnu17;
				GCC_DYNAMIC_NO_PIC = NO;
				GCC_NO_COMMON_BLOCKS = YES;
				GCC_OPTIMIZATION_LEVEL = 0;
				GCC_PREPROCESSOR_DEFINITIONS = (
					"DEBUG=1",
					"$(inherited)",
				);
				GCC_WARN_64_TO_32_BIT_CONVERSION = YES;
				GCC_WARN_ABOUT_RETURN_TYPE = YES_ERROR;
				GCC_WARN_UNDECLARED_SELECTOR = YES;
				GCC_WARN_UNINITIALIZED_AUTOS = YES_AGGRESSIVE;
				GCC_WARN_UNUSED_FUNCTION = YES;
				GCC_WARN_UNUSED_VARIABLE = YES;
				LOCALIZATION_PREFERS_STRING_CATALOGS = YES;
				MTL_ENABLE_DEBUG_INFO = INCLUDE_SOURCE;
				MTL_FAST_MATH = YES;
				ONLY_ACTIVE_ARCH = YES;
				SWIFT_ACTIVE_COMPILATION_CONDITIONS = "DEBUG $(inherited)";
				SWIFT_OPTIMIZATION_LEVEL = "-Onone";
			};
			name = Debug;
		};
		DA45CF1C2E6BDB4D00873030 /* Release */ = {
			isa = XCBuildConfiguration;
			buildSettings = {
				ALWAYS_SEARCH_USER_PATHS = NO;
				ASSETCATALOG_COMPILER_GENERATE_SWIFT_ASSET_SYMBOL_EXTENSIONS = YES;
				CLANG_ANALYZER_NONNULL = YES;
				CLANG_ANALYZER_NUMBER_OBJECT_CONVERSION = YES_AGGRESSIVE;
				CLANG_CXX_LANGUAGE_STANDARD = "gnu++20";
				CLANG_ENABLE_MODULES = YES;
				CLANG_ENABLE_OBJC_ARC = YES;
				CLANG_ENABLE_OBJC_WEAK = YES;
				CLANG_WARN_BLOCK_CAPTURE_AUTORELEASING = YES;
				CLANG_WARN_BOOL_CONVERSION = YES;
				CLANG_WARN_COMMA = YES;
				CLANG_WARN_CONSTANT_CONVERSION = YES;
				CLANG_WARN_DEPRECATED_OBJC_IMPLEMENTATIONS = YES;
				CLANG_WARN_DIRECT_OBJC_ISA_USAGE = YES_ERROR;
				CLANG_WARN_DOCUMENTATION_COMMENTS = YES;
				CLANG_WARN_EMPTY_BODY = YES;
				CLANG_WARN_ENUM_CONVERSION = YES;
				CLANG_WARN_INFINITE_RECURSION = YES;
				CLANG_WARN_INT_CONVERSION = YES;
				CLANG_WARN_NON_LITERAL_NULL_CONVERSION = YES;
				CLANG_WARN_OBJC_IMPLICIT_RETAIN_SELF = YES;
				CLANG_WARN_OBJC_LITERAL_CONVERSION = YES;
				CLANG_WARN_OBJC_ROOT_CLASS = YES_ERROR;
				CLANG_WARN_QUOTED_INCLUDE_IN_FRAMEWORK_HEADER = YES;
				CLANG_WARN_RANGE_LOOP_ANALYSIS = YES;
				CLANG_WARN_STRICT_PROTOTYPES = YES;
				CLANG_WARN_SUSPICIOUS_MOVE = YES;
				CLANG_WARN_UNGUARDED_AVAILABILITY = YES_AGGRESSIVE;
				CLANG_WARN_UNREACHABLE_CODE = YES;
				CLANG_WARN__DUPLICATE_METHOD_MATCH = YES;
				COPY_PHASE_STRIP = NO;
				DEBUG_INFORMATION_FORMAT = "dwarf-with-dsym";
				ENABLE_NS_ASSERTIONS = NO;
				ENABLE_STRICT_OBJC_MSGSEND = YES;
				ENABLE_USER_SCRIPT_SANDBOXING = YES;
				GCC_C_LANGUAGE_STANDARD = gnu17;
				GCC_NO_COMMON_BLOCKS = YES;
				GCC_WARN_64_TO_32_BIT_CONVERSION = YES;
				GCC_WARN_ABOUT_RETURN_TYPE = YES_ERROR;
				GCC_WARN_UNDECLARED_SELECTOR = YES;
				GCC_WARN_UNINITIALIZED_AUTOS = YES_AGGRESSIVE;
				GCC_WARN_UNUSED_FUNCTION = YES;
				GCC_WARN_UNUSED_VARIABLE = YES;
				LOCALIZATION_PREFERS_STRING_CATALOGS = YES;
				MTL_ENABLE_DEBUG_INFO = NO;
				MTL_FAST_MATH = YES;
				SWIFT_COMPILATION_MODE = wholemodule;
			};
			name = Release;
		};
		DA45CF1E2E6BDB4D00873030 /* Debug */ = {
			isa = XCBuildConfiguration;
			buildSettings = {
				ASSETCATALOG_COMPILER_APPICON_NAME = AppIcon;
				ASSETCATALOG_COMPILER_GLOBAL_ACCENT_COLOR_NAME = AccentColor;
				CODE_SIGN_ENTITLEMENTS = PhotosGallery/PhotosGallery.entitlements;
				CODE_SIGN_STYLE = Automatic;
				CURRENT_PROJECT_VERSION = 1;
				ENABLE_PREVIEWS = YES;
				GENERATE_INFOPLIST_FILE = YES;
				INFOPLIST_KEY_NSPhotoLibraryAddUsageDescription = "This app needs access to save photos to your photo library.";
				"INFOPLIST_KEY_UIApplicationSceneManifest_Generation[sdk=iphoneos*]" = YES;
				"INFOPLIST_KEY_UIApplicationSceneManifest_Generation[sdk=iphonesimulator*]" = YES;
				"INFOPLIST_KEY_UIApplicationSupportsIndirectInputEvents[sdk=iphoneos*]" = YES;
				"INFOPLIST_KEY_UIApplicationSupportsIndirectInputEvents[sdk=iphonesimulator*]" = YES;
				"INFOPLIST_KEY_UILaunchScreen_Generation[sdk=iphoneos*]" = YES;
				"INFOPLIST_KEY_UILaunchScreen_Generation[sdk=iphonesimulator*]" = YES;
				"INFOPLIST_KEY_UIStatusBarStyle[sdk=iphoneos*]" = UIStatusBarStyleDefault;
				"INFOPLIST_KEY_UIStatusBarStyle[sdk=iphonesimulator*]" = UIStatusBarStyleDefault;
				INFOPLIST_KEY_UISupportedInterfaceOrientations_iPad = "UIInterfaceOrientationPortrait UIInterfaceOrientationPortraitUpsideDown UIInterfaceOrientationLandscapeLeft UIInterfaceOrientationLandscapeRight";
				INFOPLIST_KEY_UISupportedInterfaceOrientations_iPhone = "UIInterfaceOrientationPortrait UIInterfaceOrientationLandscapeLeft UIInterfaceOrientationLandscapeRight";
				IPHONEOS_DEPLOYMENT_TARGET = 18.5;
				LD_RUNPATH_SEARCH_PATHS = "@executable_path/Frameworks";
				"LD_RUNPATH_SEARCH_PATHS[sdk=macosx*]" = "@executable_path/../Frameworks";
				MACOSX_DEPLOYMENT_TARGET = 15.5;
				MARKETING_VERSION = 1.0;
				PRODUCT_BUNDLE_IDENTIFIER = BasicProject.PhotosGallery;
				PRODUCT_NAME = "$(TARGET_NAME)";
				REGISTER_APP_GROUPS = YES;
				SDKROOT = auto;
				SUPPORTED_PLATFORMS = "iphoneos iphonesimulator macosx xros xrsimulator";
				SWIFT_EMIT_LOC_STRINGS = YES;
				SWIFT_VERSION = 5.0;
				TARGETED_DEVICE_FAMILY = "1,2,7";
				XROS_DEPLOYMENT_TARGET = 2.5;
			};
			name = Debug;
		};
		DA45CF1F2E6BDB4D00873030 /* Release */ = {
			isa = XCBuildConfiguration;
			buildSettings = {
				ASSETCATALOG_COMPILER_APPICON_NAME = AppIcon;
				ASSETCATALOG_COMPILER_GLOBAL_ACCENT_COLOR_NAME = AccentColor;
				CODE_SIGN_ENTITLEMENTS = PhotosGallery/PhotosGallery.entitlements;
				CODE_SIGN_STYLE = Automatic;
				CURRENT_PROJECT_VERSION = 1;
				ENABLE_PREVIEWS = YES;
				GENERATE_INFOPLIST_FILE = YES;
				INFOPLIST_KEY_NSPhotoLibraryAddUsageDescription = "This app needs access to save photos to your photo library.";
				"INFOPLIST_KEY_UIApplicationSceneManifest_Generation[sdk=iphoneos*]" = YES;
				"INFOPLIST_KEY_UIApplicationSceneManifest_Generation[sdk=iphonesimulator*]" = YES;
				"INFOPLIST_KEY_UIApplicationSupportsIndirectInputEvents[sdk=iphoneos*]" = YES;
				"INFOPLIST_KEY_UIApplicationSupportsIndirectInputEvents[sdk=iphonesimulator*]" = YES;
				"INFOPLIST_KEY_UILaunchScreen_Generation[sdk=iphoneos*]" = YES;
				"INFOPLIST_KEY_UILaunchScreen_Generation[sdk=iphonesimulator*]" = YES;
				"INFOPLIST_KEY_UIStatusBarStyle[sdk=iphoneos*]" = UIStatusBarStyleDefault;
				"INFOPLIST_KEY_UIStatusBarStyle[sdk=iphonesimulator*]" = UIStatusBarStyleDefault;
				INFOPLIST_KEY_UISupportedInterfaceOrientations_iPad = "UIInterfaceOrientationPortrait UIInterfaceOrientationPortraitUpsideDown UIInterfaceOrientationLandscapeLeft UIInterfaceOrientationLandscapeRight";
				INFOPLIST_KEY_UISupportedInterfaceOrientations_iPhone = "UIInterfaceOrientationPortrait UIInterfaceOrientationLandscapeLeft UIInterfaceOrientationLandscapeRight";
				IPHONEOS_DEPLOYMENT_TARGET = 18.5;
				LD_RUNPATH_SEARCH_PATHS = "@executable_path/Frameworks";
				"LD_RUNPATH_SEARCH_PATHS[sdk=macosx*]" = "@executable_path/../Frameworks";
				MACOSX_DEPLOYMENT_TARGET = 15.5;
				MARKETING_VERSION = 1.0;
				PRODUCT_BUNDLE_IDENTIFIER = BasicProject.PhotosGallery;
				PRODUCT_NAME = "$(TARGET_NAME)";
				REGISTER_APP_GROUPS = YES;
				SDKROOT = auto;
				SUPPORTED_PLATFORMS = "iphoneos iphonesimulator macosx xros xrsimulator";
				SWIFT_EMIT_LOC_STRINGS = YES;
				SWIFT_VERSION = 5.0;
				TARGETED_DEVICE_FAMILY = "1,2,7";
				XROS_DEPLOYMENT_TARGET = 2.5;
			};
			name = Release;
		};
		DA45CF212E6BDB4D00873030 /* Debug */ = {
			isa = XCBuildConfiguration;
			buildSettings = {
				BUNDLE_LOADER = "$(TEST_HOST)";
				CODE_SIGN_STYLE = Automatic;
				CURRENT_PROJECT_VERSION = 1;
				GENERATE_INFOPLIST_FILE = YES;
				IPHONEOS_DEPLOYMENT_TARGET = 18.5;
				MACOSX_DEPLOYMENT_TARGET = 15.5;
				MARKETING_VERSION = 1.0;
				PRODUCT_BUNDLE_IDENTIFIER = BasicProject.PhotosGalleryTests;
				PRODUCT_NAME = "$(TARGET_NAME)";
				SDKROOT = auto;
				SUPPORTED_PLATFORMS = "iphoneos iphonesimulator macosx xros xrsimulator";
				SWIFT_EMIT_LOC_STRINGS = NO;
				SWIFT_VERSION = 5.0;
				TARGETED_DEVICE_FAMILY = "1,2,7";
				TEST_HOST = "$(BUILT_PRODUCTS_DIR)/PhotosGallery.app/$(BUNDLE_EXECUTABLE_FOLDER_PATH)/PhotosGallery";
				XROS_DEPLOYMENT_TARGET = 2.5;
			};
			name = Debug;
		};
		DA45CF222E6BDB4D00873030 /* Release */ = {
			isa = XCBuildConfiguration;
			buildSettings = {
				BUNDLE_LOADER = "$(TEST_HOST)";
				CODE_SIGN_STYLE = Automatic;
				CURRENT_PROJECT_VERSION = 1;
				GENERATE_INFOPLIST_FILE = YES;
				IPHONEOS_DEPLOYMENT_TARGET = 18.5;
				MACOSX_DEPLOYMENT_TARGET = 15.5;
				MARKETING_VERSION = 1.0;
				PRODUCT_BUNDLE_IDENTIFIER = BasicProject.PhotosGalleryTests;
				PRODUCT_NAME = "$(TARGET_NAME)";
				SDKROOT = auto;
				SUPPORTED_PLATFORMS = "iphoneos iphonesimulator macosx xros xrsimulator";
				SWIFT_EMIT_LOC_STRINGS = NO;
				SWIFT_VERSION = 5.0;
				TARGETED_DEVICE_FAMILY = "1,2,7";
				TEST_HOST = "$(BUILT_PRODUCTS_DIR)/PhotosGallery.app/$(BUNDLE_EXECUTABLE_FOLDER_PATH)/PhotosGallery";
				XROS_DEPLOYMENT_TARGET = 2.5;
			};
			name = Release;
		};
		DA45CF242E6BDB4D00873030 /* Debug */ = {
			isa = XCBuildConfiguration;
			buildSettings = {
				CODE_SIGN_STYLE = Automatic;
				CURRENT_PROJECT_VERSION = 1;
				GENERATE_INFOPLIST_FILE = YES;
				IPHONEOS_DEPLOYMENT_TARGET = 18.5;
				MACOSX_DEPLOYMENT_TARGET = 15.5;
				MARKETING_VERSION = 1.0;
				PRODUCT_BUNDLE_IDENTIFIER = BasicProject.PhotosGalleryUITests;
				PRODUCT_NAME = "$(TARGET_NAME)";
				SDKROOT = auto;
				SUPPORTED_PLATFORMS = "iphoneos iphonesimulator macosx xros xrsimulator";
				SWIFT_EMIT_LOC_STRINGS = NO;
				SWIFT_VERSION = 5.0;
				TARGETED_DEVICE_FAMILY = "1,2,7";
				TEST_TARGET_NAME = PhotosGallery;
				XROS_DEPLOYMENT_TARGET = 2.5;
			};
			name = Debug;
		};
		DA45CF252E6BDB4D00873030 /* Release */ = {
			isa = XCBuildConfiguration;
			buildSettings = {
				CODE_SIGN_STYLE = Automatic;
				CURRENT_PROJECT_VERSION = 1;
				GENERATE_INFOPLIST_FILE = YES;
				IPHONEOS_DEPLOYMENT_TARGET = 18.5;
				MACOSX_DEPLOYMENT_TARGET = 15.5;
				MARKETING_VERSION = 1.0;
				PRODUCT_BUNDLE_IDENTIFIER = BasicProject.PhotosGalleryUITests;
				PRODUCT_NAME = "$(TARGET_NAME)";
				SDKROOT = auto;
				SUPPORTED_PLATFORMS = "iphoneos iphonesimulator macosx xros xrsimulator";
				SWIFT_EMIT_LOC_STRINGS = NO;
				SWIFT_VERSION = 5.0;
				TARGETED_DEVICE_FAMILY = "1,2,7";
				TEST_TARGET_NAME = PhotosGallery;
				XROS_DEPLOYMENT_TARGET = 2.5;
			};
			name = Release;
		};
/* End XCBuildConfiguration section */

/* Begin XCConfigurationList section */
		DA45CEF62E6BDB4C00873030 /* Build configuration list for PBXProject "PhotosGallery" */ = {
			isa = XCConfigurationList;
			buildConfigurations = (
				DA45CF1B2E6BDB4D00873030 /* Debug */,
				DA45CF1C2E6BDB4D00873030 /* Release */,
			);
			defaultConfigurationIsVisible = 0;
			defaultConfigurationName = Release;
		};
		DA45CF1D2E6BDB4D00873030 /* Build configuration list for PBXNativeTarget "PhotosGallery" */ = {
			isa = XCConfigurationList;
			buildConfigurations = (
				DA45CF1E2E6BDB4D00873030 /* Debug */,
				DA45CF1F2E6BDB4D00873030 /* Release */,
			);
			defaultConfigurationIsVisible = 0;
			defaultConfigurationName = Release;
		};
		DA45CF202E6BDB4D00873030 /* Build configuration list for PBXNativeTarget "PhotosGalleryTests" */ = {
			isa = XCConfigurationList;
			buildConfigurations = (
				DA45CF212E6BDB4D00873030 /* Debug */,
				DA45CF222E6BDB4D00873030 /* Release */,
			);
			defaultConfigurationIsVisible = 0;
			defaultConfigurationName = Release;
		};
		DA45CF232E6BDB4D00873030 /* Build configuration list for PBXNativeTarget "PhotosGalleryUITests" */ = {
			isa = XCConfigurationList;
			buildConfigurations = (
				DA45CF242E6BDB4D00873030 /* Debug */,
				DA45CF252E6BDB4D00873030 /* Release */,
			);
			defaultConfigurationIsVisible = 0;
			defaultConfigurationName = Release;
		};
/* End XCConfigurationList section */

/* Begin XCRemoteSwiftPackageReference section */
		DA45CF262E6BDB9F00873030 /* XCRemoteSwiftPackageReference "UIPilot" */ = {
			isa = XCRemoteSwiftPackageReference;
			repositoryURL = "https://github.com/canopas/UIPilot";
			requirement = {
				kind = upToNextMajorVersion;
				minimumVersion = 2.0.2;
			};
		};
		DA45CF292E6BDBEF00873030 /* XCRemoteSwiftPackageReference "Kingfisher" */ = {
			isa = XCRemoteSwiftPackageReference;
			repositoryURL = "https://github.com/onevcat/Kingfisher";
			requirement = {
				kind = upToNextMajorVersion;
				minimumVersion = 8.5.0;
			};
		};
/* End XCRemoteSwiftPackageReference section */

/* Begin XCSwiftPackageProductDependency section */
		DA45CF272E6BDB9F00873030 /* UIPilot */ = {
			isa = XCSwiftPackageProductDependency;
			package = DA45CF262E6BDB9F00873030 /* XCRemoteSwiftPackageReference "UIPilot" */;
			productName = UIPilot;
		};
		DA45CF2A2E6BDBEF00873030 /* Kingfisher */ = {
			isa = XCSwiftPackageProductDependency;
			package = DA45CF292E6BDBEF00873030 /* XCRemoteSwiftPackageReference "Kingfisher" */;
			productName = Kingfisher;
		};
/* End XCSwiftPackageProductDependency section */
	};
	rootObject = DA45CEF32E6BDB4C00873030 /* Project object */;
}
